// !$*UTF8*$!
{
	archiveVersion = 1;
	classes = {
	};
	objectVersion = 51;
	objects = {

/* Begin PBXBuildFile section */
		A0513F65220D3DBD001EBE99 /* AppDelegate.swift in Sources */ = {isa = PBXBuildFile; fileRef = A0513F64220D3DBD001EBE99 /* AppDelegate.swift */; };
		A0513F67220D3DBD001EBE99 /* ViewController.swift in Sources */ = {isa = PBXBuildFile; fileRef = A0513F66220D3DBD001EBE99 /* ViewController.swift */; };
		A0513F6A220D3DBD001EBE99 /* Main.storyboard in Resources */ = {isa = PBXBuildFile; fileRef = A0513F68220D3DBD001EBE99 /* Main.storyboard */; };
		A0513F6C220D3DBF001EBE99 /* Assets.xcassets in Resources */ = {isa = PBXBuildFile; fileRef = A0513F6B220D3DBF001EBE99 /* Assets.xcassets */; };
		A0513F6F220D3DBF001EBE99 /* LaunchScreen.storyboard in Resources */ = {isa = PBXBuildFile; fileRef = A0513F6D220D3DBF001EBE99 /* LaunchScreen.storyboard */; };
		A08B956A22163649007D1BA6 /* Question.swift in Sources */ = {isa = PBXBuildFile; fileRef = A08B956922163649007D1BA6 /* Question.swift */; };
		A08B956C22163AFA007D1BA6 /* QuestionStorage.swift in Sources */ = {isa = PBXBuildFile; fileRef = A08B956B22163AFA007D1BA6 /* QuestionStorage.swift */; };
		A08B9570221661DC007D1BA6 /* LaunchScreen.png in Resources */ = {isa = PBXBuildFile; fileRef = A08B956F221661DC007D1BA6 /* LaunchScreen.png */; };
/* End PBXBuildFile section */

/* Begin PBXFileReference section */
		A0513F61220D3DBD001EBE99 /* QuizAppDiplom.app */ = {isa = PBXFileReference; explicitFileType = wrapper.application; includeInIndex = 0; path = QuizAppDiplom.app; sourceTree = BUILT_PRODUCTS_DIR; };
		A0513F64220D3DBD001EBE99 /* AppDelegate.swift */ = {isa = PBXFileReference; lastKnownFileType = sourcecode.swift; path = AppDelegate.swift; sourceTree = "<group>"; };
		A0513F66220D3DBD001EBE99 /* ViewController.swift */ = {isa = PBXFileReference; lastKnownFileType = sourcecode.swift; path = ViewController.swift; sourceTree = "<group>"; };
		A0513F69220D3DBD001EBE99 /* Base */ = {isa = PBXFileReference; lastKnownFileType = file.storyboard; name = Base; path = Base.lproj/Main.storyboard; sourceTree = "<group>"; };
		A0513F6B220D3DBF001EBE99 /* Assets.xcassets */ = {isa = PBXFileReference; lastKnownFileType = folder.assetcatalog; path = Assets.xcassets; sourceTree = "<group>"; };
		A0513F6E220D3DBF001EBE99 /* Base */ = {isa = PBXFileReference; lastKnownFileType = file.storyboard; name = Base; path = Base.lproj/LaunchScreen.storyboard; sourceTree = "<group>"; };
		A0513F70220D3DBF001EBE99 /* Info.plist */ = {isa = PBXFileReference; lastKnownFileType = text.plist.xml; path = Info.plist; sourceTree = "<group>"; };
		A08B956922163649007D1BA6 /* Question.swift */ = {isa = PBXFileReference; lastKnownFileType = sourcecode.swift; path = Question.swift; sourceTree = "<group>"; };
		A08B956B22163AFA007D1BA6 /* QuestionStorage.swift */ = {isa = PBXFileReference; lastKnownFileType = sourcecode.swift; path = QuestionStorage.swift; sourceTree = "<group>"; };
		A08B956F221661DC007D1BA6 /* LaunchScreen.png */ = {isa = PBXFileReference; lastKnownFileType = image.png; path = LaunchScreen.png; sourceTree = "<group>"; };
		A0AA81E92239A3FC003C3D1B /* QuizAppDiplom.entitlements */ = {isa = PBXFileReference; lastKnownFileType = text.plist.entitlements; path = QuizAppDiplom.entitlements; sourceTree = "<group>"; };
/* End PBXFileReference section */

/* Begin PBXFrameworksBuildPhase section */
		A0513F5E220D3DBD001EBE99 /* Frameworks */ = {
			isa = PBXFrameworksBuildPhase;
			buildActionMask = 2147483647;
			files = (
			);
			runOnlyForDeploymentPostprocessing = 0;
		};
/* End PBXFrameworksBuildPhase section */

/* Begin PBXGroup section */
		A01BD54F2212174900B6A936 /* Controller */ = {
			isa = PBXGroup;
			children = (
				A0513F64220D3DBD001EBE99 /* AppDelegate.swift */,
				A0513F66220D3DBD001EBE99 /* ViewController.swift */,
			);
			path = Controller;
			sourceTree = "<group>";
		};
		A01BD5502212177600B6A936 /* View */ = {
			isa = PBXGroup;
			children = (
				A0513F68220D3DBD001EBE99 /* Main.storyboard */,
				A0513F6B220D3DBF001EBE99 /* Assets.xcassets */,
			);
			path = View;
			sourceTree = "<group>";
		};
		A01BD5512212179400B6A936 /* Supporting Files */ = {
			isa = PBXGroup;
			children = (
				A0513F70220D3DBF001EBE99 /* Info.plist */,
				A08B956F221661DC007D1BA6 /* LaunchScreen.png */,
				A0513F6D220D3DBF001EBE99 /* LaunchScreen.storyboard */,
			);
			path = "Supporting Files";
			sourceTree = "<group>";
		};
		A0513F58220D3DBD001EBE99 = {
			isa = PBXGroup;
			children = (
				A0513F63220D3DBD001EBE99 /* QuizAppDiplom */,
				A0513F62220D3DBD001EBE99 /* Products */,
				A09117892239AC1000B8A7A6 /* Frameworks */,
			);
			sourceTree = "<group>";
		};
		A0513F62220D3DBD001EBE99 /* Products */ = {
			isa = PBXGroup;
			children = (
				A0513F61220D3DBD001EBE99 /* QuizAppDiplom.app */,
			);
			name = Products;
			sourceTree = "<group>";
		};
		A0513F63220D3DBD001EBE99 /* QuizAppDiplom */ = {
			isa = PBXGroup;
			children = (
				A0AA81E92239A3FC003C3D1B /* QuizAppDiplom.entitlements */,
				A0D71FAB22122B59004E6456 /* Model */,
				A01BD54F2212174900B6A936 /* Controller */,
				A01BD5502212177600B6A936 /* View */,
				A01BD5512212179400B6A936 /* Supporting Files */,
			);
			path = QuizAppDiplom;
			sourceTree = "<group>";
		};
		A09117892239AC1000B8A7A6 /* Frameworks */ = {
			isa = PBXGroup;
			children = (
			);
			name = Frameworks;
			sourceTree = "<group>";
		};
		A0D71FAB22122B59004E6456 /* Model */ = {
			isa = PBXGroup;
			children = (
				A08B956922163649007D1BA6 /* Question.swift */,
				A08B956B22163AFA007D1BA6 /* QuestionStorage.swift */,
			);
			path = Model;
			sourceTree = "<group>";
		};
/* End PBXGroup section */

/* Begin PBXNativeTarget section */
		A0513F60220D3DBD001EBE99 /* QuizAppDiplom */ = {
			isa = PBXNativeTarget;
			buildConfigurationList = A0513F73220D3DBF001EBE99 /* Build configuration list for PBXNativeTarget "QuizAppDiplom" */;
			buildPhases = (
				A0513F5D220D3DBD001EBE99 /* Sources */,
				A0513F5E220D3DBD001EBE99 /* Frameworks */,
				A0513F5F220D3DBD001EBE99 /* Resources */,
			);
			buildRules = (
			);
			dependencies = (
			);
			name = QuizAppDiplom;
			productName = QuizAppDiplom;
			productReference = A0513F61220D3DBD001EBE99 /* QuizAppDiplom.app */;
			productType = "com.apple.product-type.application";
		};
/* End PBXNativeTarget section */

/* Begin PBXProject section */
		A0513F59220D3DBD001EBE99 /* Project object */ = {
			isa = PBXProject;
			attributes = {
				LastSwiftUpdateCheck = 1010;
				LastUpgradeCheck = 1010;
				ORGANIZATIONNAME = "Konstantin Nikandrov";
				TargetAttributes = {
					A0513F60220D3DBD001EBE99 = {
						CreatedOnToolsVersion = 10.1;
						LastSwiftMigration = 1020;
						SystemCapabilities = {
							com.apple.ApplicationGroups.iOS = {
								enabled = 0;
							};
							com.apple.BackgroundModes = {
								enabled = 0;
							};
							com.apple.DataProtection = {
								enabled = 0;
							};
							com.apple.HealthKit = {
								enabled = 0;
							};
							com.apple.InterAppAudio = {
								enabled = 0;
							};
							com.apple.Keychain = {
								enabled = 0;
							};
						};
					};
				};
			};
			buildConfigurationList = A0513F5C220D3DBD001EBE99 /* Build configuration list for PBXProject "QuizAppDiplom" */;
			compatibilityVersion = "Xcode 10.0";
			developmentRegion = en;
			hasScannedForEncodings = 0;
			knownRegions = (
				en,
				Base,
			);
			mainGroup = A0513F58220D3DBD001EBE99;
			productRefGroup = A0513F62220D3DBD001EBE99 /* Products */;
			projectDirPath = "";
			projectRoot = "";
			targets = (
				A0513F60220D3DBD001EBE99 /* QuizAppDiplom */,
			);
		};
/* End PBXProject section */

/* Begin PBXResourcesBuildPhase section */
		A0513F5F220D3DBD001EBE99 /* Resources */ = {
			isa = PBXResourcesBuildPhase;
			buildActionMask = 2147483647;
			files = (
				A0513F6F220D3DBF001EBE99 /* LaunchScreen.storyboard in Resources */,
				A0513F6C220D3DBF001EBE99 /* Assets.xcassets in Resources */,
				A08B9570221661DC007D1BA6 /* LaunchScreen.png in Resources */,
				A0513F6A220D3DBD001EBE99 /* Main.storyboard in Resources */,
			);
			runOnlyForDeploymentPostprocessing = 0;
		};
/* End PBXResourcesBuildPhase section */

/* Begin PBXSourcesBuildPhase section */
		A0513F5D220D3DBD001EBE99 /* Sources */ = {
			isa = PBXSourcesBuildPhase;
			buildActionMask = 2147483647;
			files = (
				A08B956A22163649007D1BA6 /* Question.swift in Sources */,
				A08B956C22163AFA007D1BA6 /* QuestionStorage.swift in Sources */,
				A0513F67220D3DBD001EBE99 /* ViewController.swift in Sources */,
				A0513F65220D3DBD001EBE99 /* AppDelegate.swift in Sources */,
			);
			runOnlyForDeploymentPostprocessing = 0;
		};
/* End PBXSourcesBuildPhase section */

/* Begin PBXVariantGroup section */
		A0513F68220D3DBD001EBE99 /* Main.storyboard */ = {
			isa = PBXVariantGroup;
			children = (
				A0513F69220D3DBD001EBE99 /* Base */,
			);
			name = Main.storyboard;
			sourceTree = "<group>";
		};
		A0513F6D220D3DBF001EBE99 /* LaunchScreen.storyboard */ = {
			isa = PBXVariantGroup;
			children = (
				A0513F6E220D3DBF001EBE99 /* Base */,
			);
			name = LaunchScreen.storyboard;
			sourceTree = "<group>";
		};
/* End PBXVariantGroup section */

/* Begin XCBuildConfiguration section */
		A0513F71220D3DBF001EBE99 /* Debug */ = {
			isa = XCBuildConfiguration;
			buildSettings = {
				ALWAYS_SEARCH_USER_PATHS = NO;
				CLANG_ANALYZER_NONNULL = YES;
				CLANG_ANALYZER_NUMBER_OBJECT_CONVERSION = YES_AGGRESSIVE;
				CLANG_CXX_LANGUAGE_STANDARD = "gnu++14";
				CLANG_CXX_LIBRARY = "libc++";
				CLANG_ENABLE_MODULES = YES;
				CLANG_ENABLE_OBJC_ARC = YES;
				CLANG_ENABLE_OBJC_WEAK = YES;
				CLANG_WARN_BLOCK_CAPTURE_AUTORELEASING = YES;
				CLANG_WARN_BOOL_CONVERSION = YES;
				CLANG_WARN_COMMA = YES;
				CLANG_WARN_CONSTANT_CONVERSION = YES;
				CLANG_WARN_DEPRECATED_OBJC_IMPLEMENTATIONS = YES;
				CLANG_WARN_DIRECT_OBJC_ISA_USAGE = YES_ERROR;
				CLANG_WARN_DOCUMENTATION_COMMENTS = YES;
				CLANG_WARN_EMPTY_BODY = YES;
				CLANG_WARN_ENUM_CONVERSION = YES;
				CLANG_WARN_INFINITE_RECURSION = YES;
				CLANG_WARN_INT_CONVERSION = YES;
				CLANG_WARN_NON_LITERAL_NULL_CONVERSION = YES;
				CLANG_WARN_OBJC_IMPLICIT_RETAIN_SELF = YES;
				CLANG_WARN_OBJC_LITERAL_CONVERSION = YES;
				CLANG_WARN_OBJC_ROOT_CLASS = YES_ERROR;
				CLANG_WARN_RANGE_LOOP_ANALYSIS = YES;
				CLANG_WARN_STRICT_PROTOTYPES = YES;
				CLANG_WARN_SUSPICIOUS_MOVE = YES;
				CLANG_WARN_UNGUARDED_AVAILABILITY = YES_AGGRESSIVE;
				CLANG_WARN_UNREACHABLE_CODE = YES;
				CLANG_WARN__DUPLICATE_METHOD_MATCH = YES;
				CODE_SIGN_IDENTITY = "iPhone Developer";
				COPY_PHASE_STRIP = NO;
				DEBUG_INFORMATION_FORMAT = dwarf;
				ENABLE_STRICT_OBJC_MSGSEND = YES;
				ENABLE_TESTABILITY = YES;
				GCC_C_LANGUAGE_STANDARD = gnu11;
				GCC_DYNAMIC_NO_PIC = NO;
				GCC_NO_COMMON_BLOCKS = YES;
				GCC_OPTIMIZATION_LEVEL = 0;
				GCC_PREPROCESSOR_DEFINITIONS = (
					"DEBUG=1",
					"$(inherited)",
				);
				GCC_WARN_64_TO_32_BIT_CONVERSION = YES;
				GCC_WARN_ABOUT_RETURN_TYPE = YES_ERROR;
				GCC_WARN_UNDECLARED_SELECTOR = YES;
				GCC_WARN_UNINITIALIZED_AUTOS = YES_AGGRESSIVE;
				GCC_WARN_UNUSED_FUNCTION = YES;
				GCC_WARN_UNUSED_VARIABLE = YES;
				IPHONEOS_DEPLOYMENT_TARGET = 12.1;
				MTL_ENABLE_DEBUG_INFO = INCLUDE_SOURCE;
				MTL_FAST_MATH = YES;
				ONLY_ACTIVE_ARCH = YES;
				SDKROOT = iphoneos;
				SWIFT_ACTIVE_COMPILATION_CONDITIONS = DEBUG;
				SWIFT_OPTIMIZATION_LEVEL = "-Onone";
			};
			name = Debug;
		};
		A0513F72220D3DBF001EBE99 /* Release */ = {
			isa = XCBuildConfiguration;
			buildSettings = {
				ALWAYS_SEARCH_USER_PATHS = NO;
				CLANG_ANALYZER_NONNULL = YES;
				CLANG_ANALYZER_NUMBER_OBJECT_CONVERSION = YES_AGGRESSIVE;
				CLANG_CXX_LANGUAGE_STANDARD = "gnu++14";
				CLANG_CXX_LIBRARY = "libc++";
				CLANG_ENABLE_MODULES = YES;
				CLANG_ENABLE_OBJC_ARC = YES;
				CLANG_ENABLE_OBJC_WEAK = YES;
				CLANG_WARN_BLOCK_CAPTURE_AUTORELEASING = YES;
				CLANG_WARN_BOOL_CONVERSION = YES;
				CLANG_WARN_COMMA = YES;
				CLANG_WARN_CONSTANT_CONVERSION = YES;
				CLANG_WARN_DEPRECATED_OBJC_IMPLEMENTATIONS = YES;
				CLANG_WARN_DIRECT_OBJC_ISA_USAGE = YES_ERROR;
				CLANG_WARN_DOCUMENTATION_COMMENTS = YES;
				CLANG_WARN_EMPTY_BODY = YES;
				CLANG_WARN_ENUM_CONVERSION = YES;
				CLANG_WARN_INFINITE_RECURSION = YES;
				CLANG_WARN_INT_CONVERSION = YES;
				CLANG_WARN_NON_LITERAL_NULL_CONVERSION = YES;
				CLANG_WARN_OBJC_IMPLICIT_RETAIN_SELF = YES;
				CLANG_WARN_OBJC_LITERAL_CONVERSION = YES;
				CLANG_WARN_OBJC_ROOT_CLASS = YES_ERROR;
				CLANG_WARN_RANGE_LOOP_ANALYSIS = YES;
				CLANG_WARN_STRICT_PROTOTYPES = YES;
				CLANG_WARN_SUSPICIOUS_MOVE = YES;
				CLANG_WARN_UNGUARDED_AVAILABILITY = YES_AGGRESSIVE;
				CLANG_WARN_UNREACHABLE_CODE = YES;
				CLANG_WARN__DUPLICATE_METHOD_MATCH = YES;
				CODE_SIGN_IDENTITY = "iPhone Developer";
				COPY_PHASE_STRIP = NO;
				DEBUG_INFORMATION_FORMAT = "dwarf-with-dsym";
				ENABLE_NS_ASSERTIONS = NO;
				ENABLE_STRICT_OBJC_MSGSEND = YES;
				GCC_C_LANGUAGE_STANDARD = gnu11;
				GCC_NO_COMMON_BLOCKS = YES;
				GCC_WARN_64_TO_32_BIT_CONVERSION = YES;
				GCC_WARN_ABOUT_RETURN_TYPE = YES_ERROR;
				GCC_WARN_UNDECLARED_SELECTOR = YES;
				GCC_WARN_UNINITIALIZED_AUTOS = YES_AGGRESSIVE;
				GCC_WARN_UNUSED_FUNCTION = YES;
				GCC_WARN_UNUSED_VARIABLE = YES;
				IPHONEOS_DEPLOYMENT_TARGET = 12.1;
				MTL_ENABLE_DEBUG_INFO = NO;
				MTL_FAST_MATH = YES;
				SDKROOT = iphoneos;
				SWIFT_COMPILATION_MODE = wholemodule;
				SWIFT_OPTIMIZATION_LEVEL = "-O";
				VALIDATE_PRODUCT = YES;
			};
			name = Release;
		};
		A0513F74220D3DBF001EBE99 /* Debug */ = {
			isa = XCBuildConfiguration;
			buildSettings = {
				ASSETCATALOG_COMPILER_APPICON_NAME = AppIcon;
				ASSETCATALOG_COMPILER_LAUNCHIMAGE_NAME = LaunchImage;
				CODE_SIGN_IDENTITY = "iPhone Developer";
				CODE_SIGN_STYLE = Automatic;
				DEVELOPMENT_TEAM = 58M7S2B4JE;
				INFOPLIST_FILE = "$(SRCROOT)/QuizAppDiplom/Supporting Files/Info.plist";
				LD_RUNPATH_SEARCH_PATHS = (
					"$(inherited)",
					"@executable_path/Frameworks",
				);
				PRODUCT_BUNDLE_IDENTIFIER = KN.QuizAppDiplom;
				PRODUCT_NAME = "$(TARGET_NAME)";
				PROVISIONING_PROFILE_SPECIFIER = "";
				SWIFT_VERSION = 5.0;
				TARGETED_DEVICE_FAMILY = "1,2";
			};
			name = Debug;
		};
		A0513F75220D3DBF001EBE99 /* Release */ = {
			isa = XCBuildConfiguration;
			buildSettings = {
				ASSETCATALOG_COMPILER_APPICON_NAME = AppIcon;
				ASSETCATALOG_COMPILER_LAUNCHIMAGE_NAME = LaunchImage;
				CODE_SIGN_IDENTITY = "iPhone Developer";
				CODE_SIGN_STYLE = Automatic;
				DEVELOPMENT_TEAM = 58M7S2B4JE;
				INFOPLIST_FILE = "$(SRCROOT)/QuizAppDiplom/Supporting Files/Info.plist";
				LD_RUNPATH_SEARCH_PATHS = (
					"$(inherited)",
					"@executable_path/Frameworks",
				);
				PRODUCT_BUNDLE_IDENTIFIER = KN.QuizAppDiplom;
				PRODUCT_NAME = "$(TARGET_NAME)";
				PROVISIONING_PROFILE_SPECIFIER = "";
				SWIFT_VERSION = 5.0;
				TARGETED_DEVICE_FAMILY = "1,2";
			};
			name = Release;
		};
/* End XCBuildConfiguration section */

/* Begin XCConfigurationList section */
		A0513F5C220D3DBD001EBE99 /* Build configuration list for PBXProject "QuizAppDiplom" */ = {
			isa = XCConfigurationList;
			buildConfigurations = (
				A0513F71220D3DBF001EBE99 /* Debug */,
				A0513F72220D3DBF001EBE99 /* Release */,
			);
			defaultConfigurationIsVisible = 0;
			defaultConfigurationName = Release;
		};
		A0513F73220D3DBF001EBE99 /* Build configuration list for PBXNativeTarget "QuizAppDiplom" */ = {
			isa = XCConfigurationList;
			buildConfigurations = (
				A0513F74220D3DBF001EBE99 /* Debug */,
				A0513F75220D3DBF001EBE99 /* Release */,
			);
			defaultConfigurationIsVisible = 0;
			defaultConfigurationName = Release;
		};
/* End XCConfigurationList section */
	};
	rootObject = A0513F59220D3DBD001EBE99 /* Project object */;
}
